
Microsoft Visual Studio Solution File, Format Version 12.00
# Visual Studio Version 16
VisualStudioVersion = 16.0.29230.47
MinimumVisualStudioVersion = 10.0.40219.1
Project("{FAE04EC0-301F-11D3-BF4B-00C04F79EFBC}") = "WebApiDGIIScraping", "WebApiDGIIScraping\WebApiDGIIScraping.csproj", "{9ED1A364-133F-4A07-B679-540BD6A71C36}"
EndProject
Global
	GlobalSection(SolutionConfigurationPlatforms) = preSolution
		Debug|Any CPU = Debug|Any CPU
		Release|Any CPU = Release|Any CPU
	EndGlobalSection
	GlobalSection(ProjectConfigurationPlatforms) = postSolution
		{9ED1A364-133F-4A07-B679-540BD6A71C36}.Debug|Any CPU.ActiveCfg = Debug|Any CPU
		{9ED1A364-133F-4A07-B679-540BD6A71C36}.Debug|Any CPU.Build.0 = Debug|Any CPU
		{9ED1A364-133F-4A07-B679-540BD6A71C36}.Release|Any CPU.ActiveCfg = Release|Any CPU
		{9ED1A364-133F-4A07-B679-540BD6A71C36}.Release|Any CPU.Build.0 = Release|Any CPU
	EndGlobalSection
	GlobalSection(SolutionProperties) = preSolution
		HideSolutionNode = FALSE
	EndGlobalSection
	GlobalSection(ExtensibilityGlobals) = postSolution
		SolutionGuid = {3ABB74CC-962B-4F55-B146-E016F3C92E14}
	EndGlobalSection
EndGlobal
